
Microsoft Visual Studio Solution File, Format Version 12.00
# Visual Studio Version 16
VisualStudioVersion = 16.0.30406.217
MinimumVisualStudioVersion = 10.0.40219.1
Project("{FAE04EC0-301F-11D3-BF4B-00C04F79EFBC}") = "jschmitt1730ex1b", "jschmitt1730ex1b\jschmitt1730ex1b.csproj", "{FB98EDFF-B7EE-456B-AAB1-38BAA933A4EA}"
EndProject
Project("{FAE04EC0-301F-11D3-BF4B-00C04F79EFBC}") = "jschmitt1730ex1c1", "jschmitt1730ex1c1\jschmitt1730ex1c1.csproj", "{894A4B8E-5626-476F-B9E5-87DC5D962039}"
EndProject
Project("{FAE04EC0-301F-11D3-BF4B-00C04F79EFBC}") = "jschmitt1730ex1d1", "jschmitt1730ex1d1\jschmitt1730ex1d1.csproj", "{52921B79-D6FB-4B81-BAC9-CA9572784FAA}"
EndProject
Project("{FAE04EC0-301F-11D3-BF4B-00C04F79EFBC}") = "jschmitt1730ex1e", "jschmitt1730ex1e\jschmitt1730ex1e.csproj", "{16D076EE-4294-4284-95C3-132CF084CECD}"
EndProject
Project("{FAE04EC0-301F-11D3-BF4B-00C04F79EFBC}") = "jschmitt1730ex1f", "jschmitt1730ex1f\jschmitt1730ex1f.csproj", "{810ADFF4-54AD-4060-B30E-88BE7B7000C9}"
EndProject
Project("{FAE04EC0-301F-11D3-BF4B-00C04F79EFBC}") = "jschmitt1730ex1g", "jschmitt1730ex1g\jschmitt1730ex1g.csproj", "{350E32A8-ACE9-449B-8FD0-7525A98F3BB1}"
EndProject
Project("{FAE04EC0-301F-11D3-BF4B-00C04F79EFBC}") = "variableSamp", "variableSamp\variableSamp.csproj", "{699E8A4D-12FE-4484-A634-E3D1EA4D1123}"
EndProject
Project("{FAE04EC0-301F-11D3-BF4B-00C04F79EFBC}") = "jschmitt1730ex2a", "jschmitt1730ex2a\jschmitt1730ex2a.csproj", "{6F95AB9D-C7B0-499E-AF11-3849DF8337C0}"
EndProject
Project("{FAE04EC0-301F-11D3-BF4B-00C04F79EFBC}") = "jschmitt1730ex2b", "jschmitt1730ex2b\jschmitt1730ex2b.csproj", "{93EB03F3-B0D6-4A54-A21B-FF83DB3FB285}"
EndProject
Project("{FAE04EC0-301F-11D3-BF4B-00C04F79EFBC}") = "jschmitt1730ex2c", "jschmitt1730ex2c\jschmitt1730ex2c.csproj", "{6D27B055-FEA6-46D2-A4C2-6C5EDB324417}"
EndProject
Project("{FAE04EC0-301F-11D3-BF4B-00C04F79EFBC}") = "jschmitt17302d1", "jschmitt17302d1\jschmitt17302d1.csproj", "{18927C2B-3529-428D-B9AA-DB16A7480ABA}"
EndProject
Global
	GlobalSection(SolutionConfigurationPlatforms) = preSolution
		Debug|Any CPU = Debug|Any CPU
		Release|Any CPU = Release|Any CPU
	EndGlobalSection
	GlobalSection(ProjectConfigurationPlatforms) = postSolution
		{FB98EDFF-B7EE-456B-AAB1-38BAA933A4EA}.Debug|Any CPU.ActiveCfg = Debug|Any CPU
		{FB98EDFF-B7EE-456B-AAB1-38BAA933A4EA}.Debug|Any CPU.Build.0 = Debug|Any CPU
		{FB98EDFF-B7EE-456B-AAB1-38BAA933A4EA}.Release|Any CPU.ActiveCfg = Release|Any CPU
		{FB98EDFF-B7EE-456B-AAB1-38BAA933A4EA}.Release|Any CPU.Build.0 = Release|Any CPU
		{894A4B8E-5626-476F-B9E5-87DC5D962039}.Debug|Any CPU.ActiveCfg = Debug|Any CPU
		{894A4B8E-5626-476F-B9E5-87DC5D962039}.Debug|Any CPU.Build.0 = Debug|Any CPU
		{894A4B8E-5626-476F-B9E5-87DC5D962039}.Release|Any CPU.ActiveCfg = Release|Any CPU
		{894A4B8E-5626-476F-B9E5-87DC5D962039}.Release|Any CPU.Build.0 = Release|Any CPU
		{52921B79-D6FB-4B81-BAC9-CA9572784FAA}.Debug|Any CPU.ActiveCfg = Debug|Any CPU
		{52921B79-D6FB-4B81-BAC9-CA9572784FAA}.Debug|Any CPU.Build.0 = Debug|Any CPU
		{52921B79-D6FB-4B81-BAC9-CA9572784FAA}.Release|Any CPU.ActiveCfg = Release|Any CPU
		{52921B79-D6FB-4B81-BAC9-CA9572784FAA}.Release|Any CPU.Build.0 = Release|Any CPU
		{16D076EE-4294-4284-95C3-132CF084CECD}.Debug|Any CPU.ActiveCfg = Debug|Any CPU
		{16D076EE-4294-4284-95C3-132CF084CECD}.Debug|Any CPU.Build.0 = Debug|Any CPU
		{16D076EE-4294-4284-95C3-132CF084CECD}.Release|Any CPU.ActiveCfg = Release|Any CPU
		{16D076EE-4294-4284-95C3-132CF084CECD}.Release|Any CPU.Build.0 = Release|Any CPU
		{810ADFF4-54AD-4060-B30E-88BE7B7000C9}.Debug|Any CPU.ActiveCfg = Debug|Any CPU
		{810ADFF4-54AD-4060-B30E-88BE7B7000C9}.Debug|Any CPU.Build.0 = Debug|Any CPU
		{810ADFF4-54AD-4060-B30E-88BE7B7000C9}.Release|Any CPU.ActiveCfg = Release|Any CPU
		{810ADFF4-54AD-4060-B30E-88BE7B7000C9}.Release|Any CPU.Build.0 = Release|Any CPU
		{350E32A8-ACE9-449B-8FD0-7525A98F3BB1}.Debug|Any CPU.ActiveCfg = Debug|Any CPU
		{350E32A8-ACE9-449B-8FD0-7525A98F3BB1}.Debug|Any CPU.Build.0 = Debug|Any CPU
		{350E32A8-ACE9-449B-8FD0-7525A98F3BB1}.Release|Any CPU.ActiveCfg = Release|Any CPU
		{350E32A8-ACE9-449B-8FD0-7525A98F3BB1}.Release|Any CPU.Build.0 = Release|Any CPU
		{699E8A4D-12FE-4484-A634-E3D1EA4D1123}.Debug|Any CPU.ActiveCfg = Debug|Any CPU
		{699E8A4D-12FE-4484-A634-E3D1EA4D1123}.Debug|Any CPU.Build.0 = Debug|Any CPU
		{699E8A4D-12FE-4484-A634-E3D1EA4D1123}.Release|Any CPU.ActiveCfg = Release|Any CPU
		{699E8A4D-12FE-4484-A634-E3D1EA4D1123}.Release|Any CPU.Build.0 = Release|Any CPU
		{6F95AB9D-C7B0-499E-AF11-3849DF8337C0}.Debug|Any CPU.ActiveCfg = Debug|Any CPU
		{6F95AB9D-C7B0-499E-AF11-3849DF8337C0}.Debug|Any CPU.Build.0 = Debug|Any CPU
		{6F95AB9D-C7B0-499E-AF11-3849DF8337C0}.Release|Any CPU.ActiveCfg = Release|Any CPU
		{6F95AB9D-C7B0-499E-AF11-3849DF8337C0}.Release|Any CPU.Build.0 = Release|Any CPU
		{93EB03F3-B0D6-4A54-A21B-FF83DB3FB285}.Debug|Any CPU.ActiveCfg = Debug|Any CPU
		{93EB03F3-B0D6-4A54-A21B-FF83DB3FB285}.Debug|Any CPU.Build.0 = Debug|Any CPU
		{93EB03F3-B0D6-4A54-A21B-FF83DB3FB285}.Release|Any CPU.ActiveCfg = Release|Any CPU
		{93EB03F3-B0D6-4A54-A21B-FF83DB3FB285}.Release|Any CPU.Build.0 = Release|Any CPU
		{6D27B055-FEA6-46D2-A4C2-6C5EDB324417}.Debug|Any CPU.ActiveCfg = Debug|Any CPU
		{6D27B055-FEA6-46D2-A4C2-6C5EDB324417}.Debug|Any CPU.Build.0 = Debug|Any CPU
		{6D27B055-FEA6-46D2-A4C2-6C5EDB324417}.Release|Any CPU.ActiveCfg = Release|Any CPU
		{6D27B055-FEA6-46D2-A4C2-6C5EDB324417}.Release|Any CPU.Build.0 = Release|Any CPU
		{18927C2B-3529-428D-B9AA-DB16A7480ABA}.Debug|Any CPU.ActiveCfg = Debug|Any CPU
		{18927C2B-3529-428D-B9AA-DB16A7480ABA}.Debug|Any CPU.Build.0 = Debug|Any CPU
		{18927C2B-3529-428D-B9AA-DB16A7480ABA}.Release|Any CPU.ActiveCfg = Release|Any CPU
		{18927C2B-3529-428D-B9AA-DB16A7480ABA}.Release|Any CPU.Build.0 = Release|Any CPU
	EndGlobalSection
	GlobalSection(SolutionProperties) = preSolution
		HideSolutionNode = FALSE
	EndGlobalSection
	GlobalSection(ExtensibilityGlobals) = postSolution
		SolutionGuid = {B14F87D9-F216-4637-ACDF-81DC8690338C}
	EndGlobalSection
EndGlobal
